{
  "requires": true,
  "lockfileVersion": 1,
  "dependencies": {
    "petrovich": {
      "version": "0.2.1",
      "resolved": "https://registry.npmjs.org/petrovich/-/petrovich-0.2.1.tgz",
      "integrity": "sha512-qBuAhvo7C0nusL4ZhgK+tcHYTX8uqkHFyQVbVcvB6/h3K1Hu2zPXT4hnX9/o5MSXc28AGkaoatqX/3D/KEhM+Q=="
    }
  }
}
